
Microsoft Visual Studio Solution File, Format Version 12.00
# Visual Studio Version 16
VisualStudioVersion = 16.0.32929.386
MinimumVisualStudioVersion = 10.0.40219.1
Project("{FAE04EC0-301F-11D3-BF4B-00C04F79EFBC}") = "WebAPI-BCPTest", "WebAPI-BCPTest\WebAPI-BCPTest.csproj", "{19CC9233-22EC-427B-BC68-6A939E22DCDF}"
EndProject
Project("{FAE04EC0-301F-11D3-BF4B-00C04F79EFBC}") = "MVC", "MVC\MVC.csproj", "{AEB18B73-BA19-4E60-8BA4-F7FD015D12DF}"
EndProject
Global
	GlobalSection(SolutionConfigurationPlatforms) = preSolution
		Debug|Any CPU = Debug|Any CPU
		Release|Any CPU = Release|Any CPU
	EndGlobalSection
	GlobalSection(ProjectConfigurationPlatforms) = postSolution
		{19CC9233-22EC-427B-BC68-6A939E22DCDF}.Debug|Any CPU.ActiveCfg = Debug|Any CPU
		{19CC9233-22EC-427B-BC68-6A939E22DCDF}.Debug|Any CPU.Build.0 = Debug|Any CPU
		{19CC9233-22EC-427B-BC68-6A939E22DCDF}.Release|Any CPU.ActiveCfg = Release|Any CPU
		{19CC9233-22EC-427B-BC68-6A939E22DCDF}.Release|Any CPU.Build.0 = Release|Any CPU
		{AEB18B73-BA19-4E60-8BA4-F7FD015D12DF}.Debug|Any CPU.ActiveCfg = Debug|Any CPU
		{AEB18B73-BA19-4E60-8BA4-F7FD015D12DF}.Debug|Any CPU.Build.0 = Debug|Any CPU
		{AEB18B73-BA19-4E60-8BA4-F7FD015D12DF}.Release|Any CPU.ActiveCfg = Release|Any CPU
		{AEB18B73-BA19-4E60-8BA4-F7FD015D12DF}.Release|Any CPU.Build.0 = Release|Any CPU
	EndGlobalSection
	GlobalSection(SolutionProperties) = preSolution
		HideSolutionNode = FALSE
	EndGlobalSection
	GlobalSection(ExtensibilityGlobals) = postSolution
		SolutionGuid = {B3CE09B0-4189-4E50-B094-863C1F5CC3FC}
	EndGlobalSection
EndGlobal
